// !$*UTF8*$!
{
	archiveVersion = 1;
	classes = {
	};
	objectVersion = 50;
	objects = {

/* Begin PBXBuildFile section */
		220BA4052230FCFE0073BCEA /* main.cpp in Sources */ = {isa = PBXBuildFile; fileRef = 220BA4042230FCFE0073BCEA /* main.cpp */; };
		220BA431223102B30073BCEA /* cv2.so in Frameworks */ = {isa = PBXBuildFile; fileRef = 220BA430223102B30073BCEA /* cv2.so */; };
/* End PBXBuildFile section */

/* Begin PBXCopyFilesBuildPhase section */
		220BA3F82230FB1C0073BCEA /* CopyFiles */ = {
			isa = PBXCopyFilesBuildPhase;
			buildActionMask = 2147483647;
			dstPath = /usr/share/man/man1/;
			dstSubfolderSpec = 0;
			files = (
			);
			runOnlyForDeploymentPostprocessing = 1;
		};
/* End PBXCopyFilesBuildPhase section */

/* Begin PBXFileReference section */
		220BA3FA2230FB1C0073BCEA /* UnixDemo */ = {isa = PBXFileReference; explicitFileType = "compiled.mach-o.executable"; includeInIndex = 0; path = UnixDemo; sourceTree = BUILT_PRODUCTS_DIR; };
		220BA4042230FCFE0073BCEA /* main.cpp */ = {isa = PBXFileReference; fileEncoding = 4; lastKnownFileType = sourcecode.cpp.cpp; name = main.cpp; path = ../../main.cpp; sourceTree = "<group>"; };
		220BA40A2230FFBB0073BCEA /* libopencv_highgui.2.4.13.dylib */ = {isa = PBXFileReference; lastKnownFileType = "compiled.mach-o.dylib"; name = libopencv_highgui.2.4.13.dylib; path = ../../../../../../usr/local/Cellar/opencv/2.4.13.1/lib/libopencv_highgui.2.4.13.dylib; sourceTree = "<group>"; };
		220BA40B2230FFBB0073BCEA /* libopencv_videostab.2.4.13.dylib */ = {isa = PBXFileReference; lastKnownFileType = "compiled.mach-o.dylib"; name = libopencv_videostab.2.4.13.dylib; path = ../../../../../../usr/local/Cellar/opencv/2.4.13.1/lib/libopencv_videostab.2.4.13.dylib; sourceTree = "<group>"; };
		220BA40C2230FFBB0073BCEA /* libopencv_objdetect.2.4.13.dylib */ = {isa = PBXFileReference; lastKnownFileType = "compiled.mach-o.dylib"; name = libopencv_objdetect.2.4.13.dylib; path = ../../../../../../usr/local/Cellar/opencv/2.4.13.1/lib/libopencv_objdetect.2.4.13.dylib; sourceTree = "<group>"; };
		220BA40D2230FFBB0073BCEA /* libopencv_calib3d.2.4.13.dylib */ = {isa = PBXFileReference; lastKnownFileType = "compiled.mach-o.dylib"; name = libopencv_calib3d.2.4.13.dylib; path = ../../../../../../usr/local/Cellar/opencv/2.4.13.1/lib/libopencv_calib3d.2.4.13.dylib; sourceTree = "<group>"; };
		220BA40E2230FFBB0073BCEA /* libopencv_imgproc.2.4.13.dylib */ = {isa = PBXFileReference; lastKnownFileType = "compiled.mach-o.dylib"; name = libopencv_imgproc.2.4.13.dylib; path = ../../../../../../usr/local/Cellar/opencv/2.4.13.1/lib/libopencv_imgproc.2.4.13.dylib; sourceTree = "<group>"; };
		220BA40F2230FFBB0073BCEA /* libopencv_gpu.2.4.13.dylib */ = {isa = PBXFileReference; lastKnownFileType = "compiled.mach-o.dylib"; name = libopencv_gpu.2.4.13.dylib; path = ../../../../../../usr/local/Cellar/opencv/2.4.13.1/lib/libopencv_gpu.2.4.13.dylib; sourceTree = "<group>"; };
		220BA4102230FFBB0073BCEA /* libopencv_videoio.3.1.0.dylib */ = {isa = PBXFileReference; lastKnownFileType = "compiled.mach-o.dylib"; name = libopencv_videoio.3.1.0.dylib; path = ../../../../../../usr/local/Cellar/opencv/2.4.13.1/lib/libopencv_videoio.3.1.0.dylib; sourceTree = "<group>"; };
		220BA4112230FFBB0073BCEA /* libopencv_video.2.4.13.dylib */ = {isa = PBXFileReference; lastKnownFileType = "compiled.mach-o.dylib"; name = libopencv_video.2.4.13.dylib; path = ../../../../../../usr/local/Cellar/opencv/2.4.13.1/lib/libopencv_video.2.4.13.dylib; sourceTree = "<group>"; };
		220BA4122230FFBB0073BCEA /* libopencv_core.2.4.13.dylib */ = {isa = PBXFileReference; lastKnownFileType = "compiled.mach-o.dylib"; name = libopencv_core.2.4.13.dylib; path = ../../../../../../usr/local/Cellar/opencv/2.4.13.1/lib/libopencv_core.2.4.13.dylib; sourceTree = "<group>"; };
		220BA4132230FFBB0073BCEA /* libopencv_flann.2.4.13.dylib */ = {isa = PBXFileReference; lastKnownFileType = "compiled.mach-o.dylib"; name = libopencv_flann.2.4.13.dylib; path = ../../../../../../usr/local/Cellar/opencv/2.4.13.1/lib/libopencv_flann.2.4.13.dylib; sourceTree = "<group>"; };
		220BA4142230FFBB0073BCEA /* libopencv_contrib.2.4.13.dylib */ = {isa = PBXFileReference; lastKnownFileType = "compiled.mach-o.dylib"; name = libopencv_contrib.2.4.13.dylib; path = ../../../../../../usr/local/Cellar/opencv/2.4.13.1/lib/libopencv_contrib.2.4.13.dylib; sourceTree = "<group>"; };
		220BA4152230FFBB0073BCEA /* libopencv_ocl.2.4.13.dylib */ = {isa = PBXFileReference; lastKnownFileType = "compiled.mach-o.dylib"; name = libopencv_ocl.2.4.13.dylib; path = ../../../../../../usr/local/Cellar/opencv/2.4.13.1/lib/libopencv_ocl.2.4.13.dylib; sourceTree = "<group>"; };
		220BA4162230FFBB0073BCEA /* libopencv_ml.2.4.13.dylib */ = {isa = PBXFileReference; lastKnownFileType = "compiled.mach-o.dylib"; name = libopencv_ml.2.4.13.dylib; path = ../../../../../../usr/local/Cellar/opencv/2.4.13.1/lib/libopencv_ml.2.4.13.dylib; sourceTree = "<group>"; };
		220BA4172230FFBB0073BCEA /* libopencv_stitching.2.4.13.dylib */ = {isa = PBXFileReference; lastKnownFileType = "compiled.mach-o.dylib"; name = libopencv_stitching.2.4.13.dylib; path = ../../../../../../usr/local/Cellar/opencv/2.4.13.1/lib/libopencv_stitching.2.4.13.dylib; sourceTree = "<group>"; };
		220BA4182230FFBB0073BCEA /* libopencv_superres.2.4.13.dylib */ = {isa = PBXFileReference; lastKnownFileType = "compiled.mach-o.dylib"; name = libopencv_superres.2.4.13.dylib; path = ../../../../../../usr/local/Cellar/opencv/2.4.13.1/lib/libopencv_superres.2.4.13.dylib; sourceTree = "<group>"; };
		220BA4192230FFBB0073BCEA /* libopencv_features2d.2.4.13.dylib */ = {isa = PBXFileReference; lastKnownFileType = "compiled.mach-o.dylib"; name = libopencv_features2d.2.4.13.dylib; path = ../../../../../../usr/local/Cellar/opencv/2.4.13.1/lib/libopencv_features2d.2.4.13.dylib; sourceTree = "<group>"; };
		220BA41A2230FFBB0073BCEA /* libopencv_legacy.2.4.13.dylib */ = {isa = PBXFileReference; lastKnownFileType = "compiled.mach-o.dylib"; name = libopencv_legacy.2.4.13.dylib; path = ../../../../../../usr/local/Cellar/opencv/2.4.13.1/lib/libopencv_legacy.2.4.13.dylib; sourceTree = "<group>"; };
		220BA41B2230FFBB0073BCEA /* libopencv_photo.2.4.13.dylib */ = {isa = PBXFileReference; lastKnownFileType = "compiled.mach-o.dylib"; name = libopencv_photo.2.4.13.dylib; path = ../../../../../../usr/local/Cellar/opencv/2.4.13.1/lib/libopencv_photo.2.4.13.dylib; sourceTree = "<group>"; };
		220BA41C2230FFBB0073BCEA /* libopencv_nonfree.2.4.13.dylib */ = {isa = PBXFileReference; lastKnownFileType = "compiled.mach-o.dylib"; name = libopencv_nonfree.2.4.13.dylib; path = ../../../../../../usr/local/Cellar/opencv/2.4.13.1/lib/libopencv_nonfree.2.4.13.dylib; sourceTree = "<group>"; };
		220BA430223102B30073BCEA /* cv2.so */ = {isa = PBXFileReference; lastKnownFileType = "compiled.mach-o.dylib"; name = cv2.so; path = "../../../../../../usr/local/Cellar/opencv/2.4.13.1/lib/python2.7/site-packages/cv2.so"; sourceTree = "<group>"; };
/* End PBXFileReference section */

/* Begin PBXFrameworksBuildPhase section */
		220BA3F72230FB1C0073BCEA /* Frameworks */ = {
			isa = PBXFrameworksBuildPhase;
			buildActionMask = 2147483647;
			files = (
				220BA431223102B30073BCEA /* cv2.so in Frameworks */,
			);
			runOnlyForDeploymentPostprocessing = 0;
		};
/* End PBXFrameworksBuildPhase section */

/* Begin PBXGroup section */
		220BA3F12230FB1C0073BCEA = {
			isa = PBXGroup;
			children = (
				220BA3FC2230FB1C0073BCEA /* UnixDemo */,
				220BA3FB2230FB1C0073BCEA /* Products */,
				220BA4092230FFBB0073BCEA /* Frameworks */,
			);
			sourceTree = "<group>";
		};
		220BA3FB2230FB1C0073BCEA /* Products */ = {
			isa = PBXGroup;
			children = (
				220BA3FA2230FB1C0073BCEA /* UnixDemo */,
			);
			name = Products;
			sourceTree = "<group>";
		};
		220BA3FC2230FB1C0073BCEA /* UnixDemo */ = {
			isa = PBXGroup;
			children = (
				220BA4042230FCFE0073BCEA /* main.cpp */,
			);
			path = UnixDemo;
			sourceTree = "<group>";
		};
		220BA4092230FFBB0073BCEA /* Frameworks */ = {
			isa = PBXGroup;
			children = (
				220BA430223102B30073BCEA /* cv2.so */,
				220BA40D2230FFBB0073BCEA /* libopencv_calib3d.2.4.13.dylib */,
				220BA4142230FFBB0073BCEA /* libopencv_contrib.2.4.13.dylib */,
				220BA4122230FFBB0073BCEA /* libopencv_core.2.4.13.dylib */,
				220BA4192230FFBB0073BCEA /* libopencv_features2d.2.4.13.dylib */,
				220BA4132230FFBB0073BCEA /* libopencv_flann.2.4.13.dylib */,
				220BA40F2230FFBB0073BCEA /* libopencv_gpu.2.4.13.dylib */,
				220BA40A2230FFBB0073BCEA /* libopencv_highgui.2.4.13.dylib */,
				220BA40E2230FFBB0073BCEA /* libopencv_imgproc.2.4.13.dylib */,
				220BA41A2230FFBB0073BCEA /* libopencv_legacy.2.4.13.dylib */,
				220BA4162230FFBB0073BCEA /* libopencv_ml.2.4.13.dylib */,
				220BA41C2230FFBB0073BCEA /* libopencv_nonfree.2.4.13.dylib */,
				220BA40C2230FFBB0073BCEA /* libopencv_objdetect.2.4.13.dylib */,
				220BA4152230FFBB0073BCEA /* libopencv_ocl.2.4.13.dylib */,
				220BA41B2230FFBB0073BCEA /* libopencv_photo.2.4.13.dylib */,
				220BA4172230FFBB0073BCEA /* libopencv_stitching.2.4.13.dylib */,
				220BA4182230FFBB0073BCEA /* libopencv_superres.2.4.13.dylib */,
				220BA4112230FFBB0073BCEA /* libopencv_video.2.4.13.dylib */,
				220BA4102230FFBB0073BCEA /* libopencv_videoio.3.1.0.dylib */,
				220BA40B2230FFBB0073BCEA /* libopencv_videostab.2.4.13.dylib */,
			);
			name = Frameworks;
			sourceTree = "<group>";
		};
/* End PBXGroup section */

/* Begin PBXNativeTarget section */
		220BA3F92230FB1C0073BCEA /* UnixDemo */ = {
			isa = PBXNativeTarget;
			buildConfigurationList = 220BA4012230FB1C0073BCEA /* Build configuration list for PBXNativeTarget "UnixDemo" */;
			buildPhases = (
				220BA3F62230FB1C0073BCEA /* Sources */,
				220BA3F72230FB1C0073BCEA /* Frameworks */,
				220BA3F82230FB1C0073BCEA /* CopyFiles */,
			);
			buildRules = (
			);
			dependencies = (
			);
			name = UnixDemo;
			productName = UnixDemo;
			productReference = 220BA3FA2230FB1C0073BCEA /* UnixDemo */;
			productType = "com.apple.product-type.tool";
		};
/* End PBXNativeTarget section */

/* Begin PBXProject section */
		220BA3F22230FB1C0073BCEA /* Project object */ = {
			isa = PBXProject;
			attributes = {
				LastUpgradeCheck = 1010;
				ORGANIZATIONNAME = "Alex Ovechko";
				TargetAttributes = {
					220BA3F92230FB1C0073BCEA = {
						CreatedOnToolsVersion = 10.1;
					};
				};
			};
			buildConfigurationList = 220BA3F52230FB1C0073BCEA /* Build configuration list for PBXProject "UnixDemo" */;
			compatibilityVersion = "Xcode 9.3";
			developmentRegion = en;
			hasScannedForEncodings = 0;
			knownRegions = (
				en,
			);
			mainGroup = 220BA3F12230FB1C0073BCEA;
			productRefGroup = 220BA3FB2230FB1C0073BCEA /* Products */;
			projectDirPath = "";
			projectRoot = "";
			targets = (
				220BA3F92230FB1C0073BCEA /* UnixDemo */,
			);
		};
/* End PBXProject section */

/* Begin PBXSourcesBuildPhase section */
		220BA3F62230FB1C0073BCEA /* Sources */ = {
			isa = PBXSourcesBuildPhase;
			buildActionMask = 2147483647;
			files = (
				220BA4052230FCFE0073BCEA /* main.cpp in Sources */,
			);
			runOnlyForDeploymentPostprocessing = 0;
		};
/* End PBXSourcesBuildPhase section */

/* Begin XCBuildConfiguration section */
		220BA3FF2230FB1C0073BCEA /* Debug */ = {
			isa = XCBuildConfiguration;
			buildSettings = {
				ALWAYS_SEARCH_USER_PATHS = NO;
				CLANG_ANALYZER_NONNULL = YES;
				CLANG_ANALYZER_NUMBER_OBJECT_CONVERSION = YES_AGGRESSIVE;
				CLANG_CXX_LANGUAGE_STANDARD = "gnu++14";
				CLANG_CXX_LIBRARY = "libc++";
				CLANG_ENABLE_MODULES = YES;
				CLANG_ENABLE_OBJC_ARC = YES;
				CLANG_ENABLE_OBJC_WEAK = YES;
				CLANG_WARN_BLOCK_CAPTURE_AUTORELEASING = YES;
				CLANG_WARN_BOOL_CONVERSION = YES;
				CLANG_WARN_COMMA = YES;
				CLANG_WARN_CONSTANT_CONVERSION = YES;
				CLANG_WARN_DEPRECATED_OBJC_IMPLEMENTATIONS = YES;
				CLANG_WARN_DIRECT_OBJC_ISA_USAGE = YES_ERROR;
				CLANG_WARN_DOCUMENTATION_COMMENTS = YES;
				CLANG_WARN_EMPTY_BODY = YES;
				CLANG_WARN_ENUM_CONVERSION = YES;
				CLANG_WARN_INFINITE_RECURSION = YES;
				CLANG_WARN_INT_CONVERSION = YES;
				CLANG_WARN_NON_LITERAL_NULL_CONVERSION = YES;
				CLANG_WARN_OBJC_IMPLICIT_RETAIN_SELF = YES;
				CLANG_WARN_OBJC_LITERAL_CONVERSION = YES;
				CLANG_WARN_OBJC_ROOT_CLASS = YES_ERROR;
				CLANG_WARN_RANGE_LOOP_ANALYSIS = YES;
				CLANG_WARN_STRICT_PROTOTYPES = YES;
				CLANG_WARN_SUSPICIOUS_MOVE = YES;
				CLANG_WARN_UNGUARDED_AVAILABILITY = YES_AGGRESSIVE;
				CLANG_WARN_UNREACHABLE_CODE = YES;
				CLANG_WARN__DUPLICATE_METHOD_MATCH = YES;
				CODE_SIGN_IDENTITY = "Mac Developer";
				COPY_PHASE_STRIP = NO;
				DEBUG_INFORMATION_FORMAT = dwarf;
				ENABLE_STRICT_OBJC_MSGSEND = YES;
				ENABLE_TESTABILITY = YES;
				GCC_C_LANGUAGE_STANDARD = gnu11;
				GCC_DYNAMIC_NO_PIC = NO;
				GCC_NO_COMMON_BLOCKS = YES;
				GCC_OPTIMIZATION_LEVEL = 0;
				GCC_PREPROCESSOR_DEFINITIONS = (
					"DEBUG=1",
					"$(inherited)",
				);
				GCC_WARN_64_TO_32_BIT_CONVERSION = YES;
				GCC_WARN_ABOUT_RETURN_TYPE = YES_ERROR;
				GCC_WARN_UNDECLARED_SELECTOR = YES;
				GCC_WARN_UNINITIALIZED_AUTOS = YES_AGGRESSIVE;
				GCC_WARN_UNUSED_FUNCTION = YES;
				GCC_WARN_UNUSED_VARIABLE = YES;
				MACOSX_DEPLOYMENT_TARGET = 10.13;
				MTL_ENABLE_DEBUG_INFO = INCLUDE_SOURCE;
				MTL_FAST_MATH = YES;
				ONLY_ACTIVE_ARCH = YES;
				SDKROOT = macosx;
			};
			name = Debug;
		};
		220BA4002230FB1C0073BCEA /* Release */ = {
			isa = XCBuildConfiguration;
			buildSettings = {
				ALWAYS_SEARCH_USER_PATHS = NO;
				CLANG_ANALYZER_NONNULL = YES;
				CLANG_ANALYZER_NUMBER_OBJECT_CONVERSION = YES_AGGRESSIVE;
				CLANG_CXX_LANGUAGE_STANDARD = "gnu++14";
				CLANG_CXX_LIBRARY = "libc++";
				CLANG_ENABLE_MODULES = YES;
				CLANG_ENABLE_OBJC_ARC = YES;
				CLANG_ENABLE_OBJC_WEAK = YES;
				CLANG_WARN_BLOCK_CAPTURE_AUTORELEASING = YES;
				CLANG_WARN_BOOL_CONVERSION = YES;
				CLANG_WARN_COMMA = YES;
				CLANG_WARN_CONSTANT_CONVERSION = YES;
				CLANG_WARN_DEPRECATED_OBJC_IMPLEMENTATIONS = YES;
				CLANG_WARN_DIRECT_OBJC_ISA_USAGE = YES_ERROR;
				CLANG_WARN_DOCUMENTATION_COMMENTS = YES;
				CLANG_WARN_EMPTY_BODY = YES;
				CLANG_WARN_ENUM_CONVERSION = YES;
				CLANG_WARN_INFINITE_RECURSION = YES;
				CLANG_WARN_INT_CONVERSION = YES;
				CLANG_WARN_NON_LITERAL_NULL_CONVERSION = YES;
				CLANG_WARN_OBJC_IMPLICIT_RETAIN_SELF = YES;
				CLANG_WARN_OBJC_LITERAL_CONVERSION = YES;
				CLANG_WARN_OBJC_ROOT_CLASS = YES_ERROR;
				CLANG_WARN_RANGE_LOOP_ANALYSIS = YES;
				CLANG_WARN_STRICT_PROTOTYPES = YES;
				CLANG_WARN_SUSPICIOUS_MOVE = YES;
				CLANG_WARN_UNGUARDED_AVAILABILITY = YES_AGGRESSIVE;
				CLANG_WARN_UNREACHABLE_CODE = YES;
				CLANG_WARN__DUPLICATE_METHOD_MATCH = YES;
				CODE_SIGN_IDENTITY = "Mac Developer";
				COPY_PHASE_STRIP = NO;
				DEBUG_INFORMATION_FORMAT = "dwarf-with-dsym";
				ENABLE_NS_ASSERTIONS = NO;
				ENABLE_STRICT_OBJC_MSGSEND = YES;
				GCC_C_LANGUAGE_STANDARD = gnu11;
				GCC_NO_COMMON_BLOCKS = YES;
				GCC_WARN_64_TO_32_BIT_CONVERSION = YES;
				GCC_WARN_ABOUT_RETURN_TYPE = YES_ERROR;
				GCC_WARN_UNDECLARED_SELECTOR = YES;
				GCC_WARN_UNINITIALIZED_AUTOS = YES_AGGRESSIVE;
				GCC_WARN_UNUSED_FUNCTION = YES;
				GCC_WARN_UNUSED_VARIABLE = YES;
				MACOSX_DEPLOYMENT_TARGET = 10.13;
				MTL_ENABLE_DEBUG_INFO = NO;
				MTL_FAST_MATH = YES;
				SDKROOT = macosx;
			};
			name = Release;
		};
		220BA4022230FB1C0073BCEA /* Debug */ = {
			isa = XCBuildConfiguration;
			buildSettings = {
				CODE_SIGN_STYLE = Automatic;
				DEVELOPMENT_TEAM = A4L54D88JK;
				HEADER_SEARCH_PATHS = /usr/local/Cellar/opencv/2.4.13.1/include;
				LIBRARY_SEARCH_PATHS = (
					"$(inherited)",
					"/usr/local/Cellar/opencv/2.4.13.1/lib/python2.7/site-packages",
				);
				OTHER_LDFLAGS = "";
				PRODUCT_NAME = "$(TARGET_NAME)";
			};
			name = Debug;
		};
		220BA4032230FB1C0073BCEA /* Release */ = {
			isa = XCBuildConfiguration;
			buildSettings = {
				CODE_SIGN_STYLE = Automatic;
				DEVELOPMENT_TEAM = A4L54D88JK;
				HEADER_SEARCH_PATHS = /usr/local/Cellar/opencv/2.4.13.1/include;
				LIBRARY_SEARCH_PATHS = (
					"$(inherited)",
					"/usr/local/Cellar/opencv/2.4.13.1/lib/python2.7/site-packages",
				);
				OTHER_LDFLAGS = "";
				PRODUCT_NAME = "$(TARGET_NAME)";
			};
			name = Release;
		};
/* End XCBuildConfiguration section */

/* Begin XCConfigurationList section */
		220BA3F52230FB1C0073BCEA /* Build configuration list for PBXProject "UnixDemo" */ = {
			isa = XCConfigurationList;
			buildConfigurations = (
				220BA3FF2230FB1C0073BCEA /* Debug */,
				220BA4002230FB1C0073BCEA /* Release */,
			);
			defaultConfigurationIsVisible = 0;
			defaultConfigurationName = Release;
		};
		220BA4012230FB1C0073BCEA /* Build configuration list for PBXNativeTarget "UnixDemo" */ = {
			isa = XCConfigurationList;
			buildConfigurations = (
				220BA4022230FB1C0073BCEA /* Debug */,
				220BA4032230FB1C0073BCEA /* Release */,
			);
			defaultConfigurationIsVisible = 0;
			defaultConfigurationName = Release;
		};
/* End XCConfigurationList section */
	};
	rootObject = 220BA3F22230FB1C0073BCEA /* Project object */;
}
